
Microsoft Visual Studio Solution File, Format Version 12.00
# Visual Studio Version 17
VisualStudioVersion = 17.2.32519.379
MinimumVisualStudioVersion = 10.0.40219.1
Project("{9A19103F-16F7-4668-BE54-9A1E7A4F7556}") = "MoneyPlan.API", "MoneyPlan.API\MoneyPlan.API.csproj", "{6F4532FF-75D8-4CEC-B823-3F89EE6D1798}"
EndProject
Project("{9A19103F-16F7-4668-BE54-9A1E7A4F7556}") = "MoneyPlan.SPA", "MoneyPlan.SPA\MoneyPlan.SPA.csproj", "{1AE24631-2F52-43A6-8B79-00AA59AF6FCD}"
EndProject
Project("{9A19103F-16F7-4668-BE54-9A1E7A4F7556}") = "MoneyPlan.Model", "MoneyPlan.Model\MoneyPlan.Model.csproj", "{B86FCE4C-2B8D-4F13-91DE-AD512D99D108}"
EndProject
Project("{9A19103F-16F7-4668-BE54-9A1E7A4F7556}") = "MoneyPlan.Import", "MoneyPlan.Import\MoneyPlan.Import.csproj", "{E5A4DE33-92F8-469C-9CE5-1924C7EAE8E4}"
EndProject
Project("{9A19103F-16F7-4668-BE54-9A1E7A4F7556}") = "MoneyPlan.DAO", "MoneyPlan.DAO\MoneyPlan.DAO.csproj", "{5AC38F37-7FFD-4886-9F3E-F7FE54AA488E}"
EndProject
Project("{2150E333-8FDC-42A3-9474-1A3956D46DE8}") = "Tests", "Tests", "{55E57F32-41AD-48C1-ADEF-F5336BE49D91}"
EndProject
Project("{9A19103F-16F7-4668-BE54-9A1E7A4F7556}") = "MoneyPlan.API.Tests", "Tests\MoneyPlan.API.Tests\MoneyPlan.API.Tests.csproj", "{501A30B0-2E8D-423E-9D8D-147036B2AF5B}"
EndProject
Project("{FAE04EC0-301F-11D3-BF4B-00C04F79EFBC}") = "MoneyPlan.Business", "MoneyPlan.Business\MoneyPlan.Business.csproj", "{716EE77F-4404-4653-A3BB-8136C34026DE}"
EndProject
Global
	GlobalSection(SolutionConfigurationPlatforms) = preSolution
		Debug|Any CPU = Debug|Any CPU
		Release|Any CPU = Release|Any CPU
	EndGlobalSection
	GlobalSection(ProjectConfigurationPlatforms) = postSolution
		{6F4532FF-75D8-4CEC-B823-3F89EE6D1798}.Debug|Any CPU.ActiveCfg = Debug|Any CPU
		{6F4532FF-75D8-4CEC-B823-3F89EE6D1798}.Debug|Any CPU.Build.0 = Debug|Any CPU
		{6F4532FF-75D8-4CEC-B823-3F89EE6D1798}.Release|Any CPU.ActiveCfg = Release|Any CPU
		{6F4532FF-75D8-4CEC-B823-3F89EE6D1798}.Release|Any CPU.Build.0 = Release|Any CPU
		{1AE24631-2F52-43A6-8B79-00AA59AF6FCD}.Debug|Any CPU.ActiveCfg = Debug|Any CPU
		{1AE24631-2F52-43A6-8B79-00AA59AF6FCD}.Debug|Any CPU.Build.0 = Debug|Any CPU
		{1AE24631-2F52-43A6-8B79-00AA59AF6FCD}.Release|Any CPU.ActiveCfg = Release|Any CPU
		{1AE24631-2F52-43A6-8B79-00AA59AF6FCD}.Release|Any CPU.Build.0 = Release|Any CPU
		{B86FCE4C-2B8D-4F13-91DE-AD512D99D108}.Debug|Any CPU.ActiveCfg = Debug|Any CPU
		{B86FCE4C-2B8D-4F13-91DE-AD512D99D108}.Debug|Any CPU.Build.0 = Debug|Any CPU
		{B86FCE4C-2B8D-4F13-91DE-AD512D99D108}.Release|Any CPU.ActiveCfg = Release|Any CPU
		{B86FCE4C-2B8D-4F13-91DE-AD512D99D108}.Release|Any CPU.Build.0 = Release|Any CPU
		{E5A4DE33-92F8-469C-9CE5-1924C7EAE8E4}.Debug|Any CPU.ActiveCfg = Debug|Any CPU
		{E5A4DE33-92F8-469C-9CE5-1924C7EAE8E4}.Debug|Any CPU.Build.0 = Debug|Any CPU
		{E5A4DE33-92F8-469C-9CE5-1924C7EAE8E4}.Release|Any CPU.ActiveCfg = Release|Any CPU
		{E5A4DE33-92F8-469C-9CE5-1924C7EAE8E4}.Release|Any CPU.Build.0 = Release|Any CPU
		{5AC38F37-7FFD-4886-9F3E-F7FE54AA488E}.Debug|Any CPU.ActiveCfg = Debug|Any CPU
		{5AC38F37-7FFD-4886-9F3E-F7FE54AA488E}.Debug|Any CPU.Build.0 = Debug|Any CPU
		{5AC38F37-7FFD-4886-9F3E-F7FE54AA488E}.Release|Any CPU.ActiveCfg = Release|Any CPU
		{5AC38F37-7FFD-4886-9F3E-F7FE54AA488E}.Release|Any CPU.Build.0 = Release|Any CPU
		{501A30B0-2E8D-423E-9D8D-147036B2AF5B}.Debug|Any CPU.ActiveCfg = Debug|Any CPU
		{501A30B0-2E8D-423E-9D8D-147036B2AF5B}.Debug|Any CPU.Build.0 = Debug|Any CPU
		{501A30B0-2E8D-423E-9D8D-147036B2AF5B}.Release|Any CPU.ActiveCfg = Release|Any CPU
		{501A30B0-2E8D-423E-9D8D-147036B2AF5B}.Release|Any CPU.Build.0 = Release|Any CPU
		{716EE77F-4404-4653-A3BB-8136C34026DE}.Debug|Any CPU.ActiveCfg = Debug|Any CPU
		{716EE77F-4404-4653-A3BB-8136C34026DE}.Debug|Any CPU.Build.0 = Debug|Any CPU
		{716EE77F-4404-4653-A3BB-8136C34026DE}.Release|Any CPU.ActiveCfg = Release|Any CPU
		{716EE77F-4404-4653-A3BB-8136C34026DE}.Release|Any CPU.Build.0 = Release|Any CPU
	EndGlobalSection
	GlobalSection(SolutionProperties) = preSolution
		HideSolutionNode = FALSE
	EndGlobalSection
	GlobalSection(NestedProjects) = preSolution
		{501A30B0-2E8D-423E-9D8D-147036B2AF5B} = {55E57F32-41AD-48C1-ADEF-F5336BE49D91}
	EndGlobalSection
	GlobalSection(ExtensibilityGlobals) = postSolution
		SolutionGuid = {DFAA7E29-97BB-4B41-8FBE-FED4D1EC1690}
	EndGlobalSection
EndGlobal
